
Microsoft Visual Studio Solution File, Format Version 12.00
# Visual Studio Version 17
VisualStudioVersion = 17.3.32811.315
MinimumVisualStudioVersion = 10.0.40219.1
Project("{FAE04EC0-301F-11D3-BF4B-00C04F79EFBC}") = "DesafioPOO", "DesafioPOO.csproj", "{5E549597-267D-4CA5-8B6A-A77D7DD6963B}"
EndProject
Global
	GlobalSection(SolutionConfigurationPlatforms) = preSolution
		Debug|Any CPU = Debug|Any CPU
		Release|Any CPU = Release|Any CPU
	EndGlobalSection
	GlobalSection(ProjectConfigurationPlatforms) = postSolution
		{5E549597-267D-4CA5-8B6A-A77D7DD6963B}.Debug|Any CPU.ActiveCfg = Debug|Any CPU
		{5E549597-267D-4CA5-8B6A-A77D7DD6963B}.Debug|Any CPU.Build.0 = Debug|Any CPU
		{5E549597-267D-4CA5-8B6A-A77D7DD6963B}.Release|Any CPU.ActiveCfg = Release|Any CPU
		{5E549597-267D-4CA5-8B6A-A77D7DD6963B}.Release|Any CPU.Build.0 = Release|Any CPU
	EndGlobalSection
	GlobalSection(SolutionProperties) = preSolution
		HideSolutionNode = FALSE
	EndGlobalSection
	GlobalSection(ExtensibilityGlobals) = postSolution
		SolutionGuid = {C288320B-0E6E-4DD1-99A1-CB8C407E4D0E}
	EndGlobalSection
EndGlobal
